// !$*UTF8*$!
{
	archiveVersion = 1;
	classes = {
	};
	objectVersion = 55;
	objects = {

/* Begin PBXBuildFile section */
		50C2F2F22DC998C600F4A56E /* Tests_iOS.swift in Sources */ = {isa = PBXBuildFile; fileRef = 50C2F2F12DC998C600F4A56E /* Tests_iOS.swift */; };
		50C2F2F42DC998C600F4A56E /* Tests_iOSLaunchTests.swift in Sources */ = {isa = PBXBuildFile; fileRef = 50C2F2F32DC998C600F4A56E /* Tests_iOSLaunchTests.swift */; };
		50C2F2FE2DC998C700F4A56E /* Tests_macOS.swift in Sources */ = {isa = PBXBuildFile; fileRef = 50C2F2FD2DC998C700F4A56E /* Tests_macOS.swift */; };
		50C2F3002DC998C700F4A56E /* Tests_macOSLaunchTests.swift in Sources */ = {isa = PBXBuildFile; fileRef = 50C2F2FF2DC998C700F4A56E /* Tests_macOSLaunchTests.swift */; };
		50C2F3012DC998C700F4A56E /* reflexao_appApp.swift in Sources */ = {isa = PBXBuildFile; fileRef = 50C2F2D92DC998C200F4A56E /* reflexao_appApp.swift */; };
		50C2F3022DC998C700F4A56E /* reflexao_appApp.swift in Sources */ = {isa = PBXBuildFile; fileRef = 50C2F2D92DC998C200F4A56E /* reflexao_appApp.swift */; };
		50C2F3032DC998C700F4A56E /* ContentView.swift in Sources */ = {isa = PBXBuildFile; fileRef = 50C2F2DA2DC998C200F4A56E /* ContentView.swift */; };
		50C2F3042DC998C700F4A56E /* ContentView.swift in Sources */ = {isa = PBXBuildFile; fileRef = 50C2F2DA2DC998C200F4A56E /* ContentView.swift */; };
		50C2F3052DC998C700F4A56E /* Assets.xcassets in Resources */ = {isa = PBXBuildFile; fileRef = 50C2F2DB2DC998C600F4A56E /* Assets.xcassets */; };
		50C2F3062DC998C700F4A56E /* Assets.xcassets in Resources */ = {isa = PBXBuildFile; fileRef = 50C2F2DB2DC998C600F4A56E /* Assets.xcassets */; };
/* End PBXBuildFile section */

/* Begin PBXContainerItemProxy section */
		50C2F2EE2DC998C600F4A56E /* PBXContainerItemProxy */ = {
			isa = PBXContainerItemProxy;
			containerPortal = 50C2F2D42DC998C200F4A56E /* Project object */;
			proxyType = 1;
			remoteGlobalIDString = 50C2F2DF2DC998C600F4A56E;
			remoteInfo = "reflexao app (iOS)";
		};
		50C2F2FA2DC998C700F4A56E /* PBXContainerItemProxy */ = {
			isa = PBXContainerItemProxy;
			containerPortal = 50C2F2D42DC998C200F4A56E /* Project object */;
			proxyType = 1;
			remoteGlobalIDString = 50C2F2E52DC998C600F4A56E;
			remoteInfo = "reflexao app (macOS)";
		};
/* End PBXContainerItemProxy section */

/* Begin PBXFileReference section */
		50C2F2D92DC998C200F4A56E /* reflexao_appApp.swift */ = {isa = PBXFileReference; lastKnownFileType = sourcecode.swift; path = reflexao_appApp.swift; sourceTree = "<group>"; };
		50C2F2DA2DC998C200F4A56E /* ContentView.swift */ = {isa = PBXFileReference; lastKnownFileType = sourcecode.swift; path = ContentView.swift; sourceTree = "<group>"; };
		50C2F2DB2DC998C600F4A56E /* Assets.xcassets */ = {isa = PBXFileReference; lastKnownFileType = folder.assetcatalog; path = Assets.xcassets; sourceTree = "<group>"; };
		50C2F2E02DC998C600F4A56E /* reflexao app.app */ = {isa = PBXFileReference; explicitFileType = wrapper.application; includeInIndex = 0; path = "reflexao app.app"; sourceTree = BUILT_PRODUCTS_DIR; };
		50C2F2E62DC998C600F4A56E /* reflexao app.app */ = {isa = PBXFileReference; explicitFileType = wrapper.application; includeInIndex = 0; path = "reflexao app.app"; sourceTree = BUILT_PRODUCTS_DIR; };
		50C2F2E82DC998C600F4A56E /* macOS.entitlements */ = {isa = PBXFileReference; lastKnownFileType = text.plist.entitlements; path = macOS.entitlements; sourceTree = "<group>"; };
		50C2F2ED2DC998C600F4A56E /* Tests iOS.xctest */ = {isa = PBXFileReference; explicitFileType = wrapper.cfbundle; includeInIndex = 0; path = "Tests iOS.xctest"; sourceTree = BUILT_PRODUCTS_DIR; };
		50C2F2F12DC998C600F4A56E /* Tests_iOS.swift */ = {isa = PBXFileReference; lastKnownFileType = sourcecode.swift; path = Tests_iOS.swift; sourceTree = "<group>"; };
		50C2F2F32DC998C600F4A56E /* Tests_iOSLaunchTests.swift */ = {isa = PBXFileReference; lastKnownFileType = sourcecode.swift; path = Tests_iOSLaunchTests.swift; sourceTree = "<group>"; };
		50C2F2F92DC998C700F4A56E /* Tests macOS.xctest */ = {isa = PBXFileReference; explicitFileType = wrapper.cfbundle; includeInIndex = 0; path = "Tests macOS.xctest"; sourceTree = BUILT_PRODUCTS_DIR; };
		50C2F2FD2DC998C700F4A56E /* Tests_macOS.swift */ = {isa = PBXFileReference; lastKnownFileType = sourcecode.swift; path = Tests_macOS.swift; sourceTree = "<group>"; };
		50C2F2FF2DC998C700F4A56E /* Tests_macOSLaunchTests.swift */ = {isa = PBXFileReference; lastKnownFileType = sourcecode.swift; path = Tests_macOSLaunchTests.swift; sourceTree = "<group>"; };
/* End PBXFileReference section */

/* Begin PBXFrameworksBuildPhase section */
		50C2F2DD2DC998C600F4A56E /* Frameworks */ = {
			isa = PBXFrameworksBuildPhase;
			buildActionMask = 2147483647;
			files = (
			);
			runOnlyForDeploymentPostprocessing = 0;
		};
		50C2F2E32DC998C600F4A56E /* Frameworks */ = {
			isa = PBXFrameworksBuildPhase;
			buildActionMask = 2147483647;
			files = (
			);
			runOnlyForDeploymentPostprocessing = 0;
		};
		50C2F2EA2DC998C600F4A56E /* Frameworks */ = {
			isa = PBXFrameworksBuildPhase;
			buildActionMask = 2147483647;
			files = (
			);
			runOnlyForDeploymentPostprocessing = 0;
		};
		50C2F2F62DC998C700F4A56E /* Frameworks */ = {
			isa = PBXFrameworksBuildPhase;
			buildActionMask = 2147483647;
			files = (
			);
			runOnlyForDeploymentPostprocessing = 0;
		};
/* End PBXFrameworksBuildPhase section */

/* Begin PBXGroup section */
		50C2F2D32DC998C200F4A56E = {
			isa = PBXGroup;
			children = (
				50C2F2D82DC998C200F4A56E /* Shared */,
				50C2F2E72DC998C600F4A56E /* macOS */,
				50C2F2F02DC998C600F4A56E /* Tests iOS */,
				50C2F2FC2DC998C700F4A56E /* Tests macOS */,
				50C2F2E12DC998C600F4A56E /* Products */,
			);
			sourceTree = "<group>";
		};
		50C2F2D82DC998C200F4A56E /* Shared */ = {
			isa = PBXGroup;
			children = (
				50C2F2D92DC998C200F4A56E /* reflexao_appApp.swift */,
				50C2F2DA2DC998C200F4A56E /* ContentView.swift */,
				50C2F2DB2DC998C600F4A56E /* Assets.xcassets */,
			);
			path = Shared;
			sourceTree = "<group>";
		};
		50C2F2E12DC998C600F4A56E /* Products */ = {
			isa = PBXGroup;
			children = (
				50C2F2E02DC998C600F4A56E /* reflexao app.app */,
				50C2F2E62DC998C600F4A56E /* reflexao app.app */,
				50C2F2ED2DC998C600F4A56E /* Tests iOS.xctest */,
				50C2F2F92DC998C700F4A56E /* Tests macOS.xctest */,
			);
			name = Products;
			sourceTree = "<group>";
		};
		50C2F2E72DC998C600F4A56E /* macOS */ = {
			isa = PBXGroup;
			children = (
				50C2F2E82DC998C600F4A56E /* macOS.entitlements */,
			);
			path = macOS;
			sourceTree = "<group>";
		};
		50C2F2F02DC998C600F4A56E /* Tests iOS */ = {
			isa = PBXGroup;
			children = (
				50C2F2F12DC998C600F4A56E /* Tests_iOS.swift */,
				50C2F2F32DC998C600F4A56E /* Tests_iOSLaunchTests.swift */,
			);
			path = "Tests iOS";
			sourceTree = "<group>";
		};
		50C2F2FC2DC998C700F4A56E /* Tests macOS */ = {
			isa = PBXGroup;
			children = (
				50C2F2FD2DC998C700F4A56E /* Tests_macOS.swift */,
				50C2F2FF2DC998C700F4A56E /* Tests_macOSLaunchTests.swift */,
			);
			path = "Tests macOS";
			sourceTree = "<group>";
		};
/* End PBXGroup section */

/* Begin PBXNativeTarget section */
		50C2F2DF2DC998C600F4A56E /* reflexao app (iOS) */ = {
			isa = PBXNativeTarget;
			buildConfigurationList = 50C2F3092DC998C700F4A56E /* Build configuration list for PBXNativeTarget "reflexao app (iOS)" */;
			buildPhases = (
				50C2F2DC2DC998C600F4A56E /* Sources */,
				50C2F2DD2DC998C600F4A56E /* Frameworks */,
				50C2F2DE2DC998C600F4A56E /* Resources */,
			);
			buildRules = (
			);
			dependencies = (
			);
			name = "reflexao app (iOS)";
			productName = "reflexao app (iOS)";
			productReference = 50C2F2E02DC998C600F4A56E /* reflexao app.app */;
			productType = "com.apple.product-type.application";
		};
		50C2F2E52DC998C600F4A56E /* reflexao app (macOS) */ = {
			isa = PBXNativeTarget;
			buildConfigurationList = 50C2F30C2DC998C700F4A56E /* Build configuration list for PBXNativeTarget "reflexao app (macOS)" */;
			buildPhases = (
				50C2F2E22DC998C600F4A56E /* Sources */,
				50C2F2E32DC998C600F4A56E /* Frameworks */,
				50C2F2E42DC998C600F4A56E /* Resources */,
			);
			buildRules = (
			);
			dependencies = (
			);
			name = "reflexao app (macOS)";
			productName = "reflexao app (macOS)";
			productReference = 50C2F2E62DC998C600F4A56E /* reflexao app.app */;
			productType = "com.apple.product-type.application";
		};
		50C2F2EC2DC998C600F4A56E /* Tests iOS */ = {
			isa = PBXNativeTarget;
			buildConfigurationList = 50C2F30F2DC998C700F4A56E /* Build configuration list for PBXNativeTarget "Tests iOS" */;
			buildPhases = (
				50C2F2E92DC998C600F4A56E /* Sources */,
				50C2F2EA2DC998C600F4A56E /* Frameworks */,
				50C2F2EB2DC998C600F4A56E /* Resources */,
			);
			buildRules = (
			);
			dependencies = (
				50C2F2EF2DC998C600F4A56E /* PBXTargetDependency */,
			);
			name = "Tests iOS";
			productName = "Tests iOS";
			productReference = 50C2F2ED2DC998C600F4A56E /* Tests iOS.xctest */;
			productType = "com.apple.product-type.bundle.ui-testing";
		};
		50C2F2F82DC998C700F4A56E /* Tests macOS */ = {
			isa = PBXNativeTarget;
			buildConfigurationList = 50C2F3122DC998C700F4A56E /* Build configuration list for PBXNativeTarget "Tests macOS" */;
			buildPhases = (
				50C2F2F52DC998C700F4A56E /* Sources */,
				50C2F2F62DC998C700F4A56E /* Frameworks */,
				50C2F2F72DC998C700F4A56E /* Resources */,
			);
			buildRules = (
			);
			dependencies = (
				50C2F2FB2DC998C700F4A56E /* PBXTargetDependency */,
			);
			name = "Tests macOS";
			productName = "Tests macOS";
			productReference = 50C2F2F92DC998C700F4A56E /* Tests macOS.xctest */;
			productType = "com.apple.product-type.bundle.ui-testing";
		};
/* End PBXNativeTarget section */

/* Begin PBXProject section */
		50C2F2D42DC998C200F4A56E /* Project object */ = {
			isa = PBXProject;
			attributes = {
				BuildIndependentTargetsInParallel = 1;
				LastSwiftUpdateCheck = 1340;
				LastUpgradeCheck = 1340;
				TargetAttributes = {
					50C2F2DF2DC998C600F4A56E = {
						CreatedOnToolsVersion = 13.4.1;
					};
					50C2F2E52DC998C600F4A56E = {
						CreatedOnToolsVersion = 13.4.1;
					};
					50C2F2EC2DC998C600F4A56E = {
						CreatedOnToolsVersion = 13.4.1;
						TestTargetID = 50C2F2DF2DC998C600F4A56E;
					};
					50C2F2F82DC998C700F4A56E = {
						CreatedOnToolsVersion = 13.4.1;
						TestTargetID = 50C2F2E52DC998C600F4A56E;
					};
				};
			};
			buildConfigurationList = 50C2F2D72DC998C200F4A56E /* Build configuration list for PBXProject "reflexao app" */;
			compatibilityVersion = "Xcode 13.0";
			developmentRegion = en;
			hasScannedForEncodings = 0;
			knownRegions = (
				en,
				Base,
			);
			mainGroup = 50C2F2D32DC998C200F4A56E;
			productRefGroup = 50C2F2E12DC998C600F4A56E /* Products */;
			projectDirPath = "";
			projectRoot = "";
			targets = (
				50C2F2DF2DC998C600F4A56E /* reflexao app (iOS) */,
				50C2F2E52DC998C600F4A56E /* reflexao app (macOS) */,
				50C2F2EC2DC998C600F4A56E /* Tests iOS */,
				50C2F2F82DC998C700F4A56E /* Tests macOS */,
			);
		};
/* End PBXProject section */

/* Begin PBXResourcesBuildPhase section */
		50C2F2DE2DC998C600F4A56E /* Resources */ = {
			isa = PBXResourcesBuildPhase;
			buildActionMask = 2147483647;
			files = (
				50C2F3052DC998C700F4A56E /* Assets.xcassets in Resources */,
			);
			runOnlyForDeploymentPostprocessing = 0;
		};
		50C2F2E42DC998C600F4A56E /* Resources */ = {
			isa = PBXResourcesBuildPhase;
			buildActionMask = 2147483647;
			files = (
				50C2F3062DC998C700F4A56E /* Assets.xcassets in Resources */,
			);
			runOnlyForDeploymentPostprocessing = 0;
		};
		50C2F2EB2DC998C600F4A56E /* Resources */ = {
			isa = PBXResourcesBuildPhase;
			buildActionMask = 2147483647;
			files = (
			);
			runOnlyForDeploymentPostprocessing = 0;
		};
		50C2F2F72DC998C700F4A56E /* Resources */ = {
			isa = PBXResourcesBuildPhase;
			buildActionMask = 2147483647;
			files = (
			);
			runOnlyForDeploymentPostprocessing = 0;
		};
/* End PBXResourcesBuildPhase section */

/* Begin PBXSourcesBuildPhase section */
		50C2F2DC2DC998C600F4A56E /* Sources */ = {
			isa = PBXSourcesBuildPhase;
			buildActionMask = 2147483647;
			files = (
				50C2F3032DC998C700F4A56E /* ContentView.swift in Sources */,
				50C2F3012DC998C700F4A56E /* reflexao_appApp.swift in Sources */,
			);
			runOnlyForDeploymentPostprocessing = 0;
		};
		50C2F2E22DC998C600F4A56E /* Sources */ = {
			isa = PBXSourcesBuildPhase;
			buildActionMask = 2147483647;
			files = (
				50C2F3042DC998C700F4A56E /* ContentView.swift in Sources */,
				50C2F3022DC998C700F4A56E /* reflexao_appApp.swift in Sources */,
			);
			runOnlyForDeploymentPostprocessing = 0;
		};
		50C2F2E92DC998C600F4A56E /* Sources */ = {
			isa = PBXSourcesBuildPhase;
			buildActionMask = 2147483647;
			files = (
				50C2F2F42DC998C600F4A56E /* Tests_iOSLaunchTests.swift in Sources */,
				50C2F2F22DC998C600F4A56E /* Tests_iOS.swift in Sources */,
			);
			runOnlyForDeploymentPostprocessing = 0;
		};
		50C2F2F52DC998C700F4A56E /* Sources */ = {
			isa = PBXSourcesBuildPhase;
			buildActionMask = 2147483647;
			files = (
				50C2F3002DC998C700F4A56E /* Tests_macOSLaunchTests.swift in Sources */,
				50C2F2FE2DC998C700F4A56E /* Tests_macOS.swift in Sources */,
			);
			runOnlyForDeploymentPostprocessing = 0;
		};
/* End PBXSourcesBuildPhase section */

/* Begin PBXTargetDependency section */
		50C2F2EF2DC998C600F4A56E /* PBXTargetDependency */ = {
			isa = PBXTargetDependency;
			target = 50C2F2DF2DC998C600F4A56E /* reflexao app (iOS) */;
			targetProxy = 50C2F2EE2DC998C600F4A56E /* PBXContainerItemProxy */;
		};
		50C2F2FB2DC998C700F4A56E /* PBXTargetDependency */ = {
			isa = PBXTargetDependency;
			target = 50C2F2E52DC998C600F4A56E /* reflexao app (macOS) */;
			targetProxy = 50C2F2FA2DC998C700F4A56E /* PBXContainerItemProxy */;
		};
/* End PBXTargetDependency section */

/* Begin XCBuildConfiguration section */
		50C2F3072DC998C700F4A56E /* Debug */ = {
			isa = XCBuildConfiguration;
			buildSettings = {
				ALWAYS_SEARCH_USER_PATHS = NO;
				CLANG_ANALYZER_NONNULL = YES;
				CLANG_ANALYZER_NUMBER_OBJECT_CONVERSION = YES_AGGRESSIVE;
				CLANG_CXX_LANGUAGE_STANDARD = "gnu++17";
				CLANG_ENABLE_MODULES = YES;
				CLANG_ENABLE_OBJC_ARC = YES;
				CLANG_ENABLE_OBJC_WEAK = YES;
				CLANG_WARN_BLOCK_CAPTURE_AUTORELEASING = YES;
				CLANG_WARN_BOOL_CONVERSION = YES;
				CLANG_WARN_COMMA = YES;
				CLANG_WARN_CONSTANT_CONVERSION = YES;
				CLANG_WARN_DEPRECATED_OBJC_IMPLEMENTATIONS = YES;
				CLANG_WARN_DIRECT_OBJC_ISA_USAGE = YES_ERROR;
				CLANG_WARN_DOCUMENTATION_COMMENTS = YES;
				CLANG_WARN_EMPTY_BODY = YES;
				CLANG_WARN_ENUM_CONVERSION = YES;
				CLANG_WARN_INFINITE_RECURSION = YES;
				CLANG_WARN_INT_CONVERSION = YES;
				CLANG_WARN_NON_LITERAL_NULL_CONVERSION = YES;
				CLANG_WARN_OBJC_IMPLICIT_RETAIN_SELF = YES;
				CLANG_WARN_OBJC_LITERAL_CONVERSION = YES;
				CLANG_WARN_OBJC_ROOT_CLASS = YES_ERROR;
				CLANG_WARN_QUOTED_INCLUDE_IN_FRAMEWORK_HEADER = YES;
				CLANG_WARN_RANGE_LOOP_ANALYSIS = YES;
				CLANG_WARN_STRICT_PROTOTYPES = YES;
				CLANG_WARN_SUSPICIOUS_MOVE = YES;
				CLANG_WARN_UNGUARDED_AVAILABILITY = YES_AGGRESSIVE;
				CLANG_WARN_UNREACHABLE_CODE = YES;
				CLANG_WARN__DUPLICATE_METHOD_MATCH = YES;
				COPY_PHASE_STRIP = NO;
				DEBUG_INFORMATION_FORMAT = dwarf;
				ENABLE_STRICT_OBJC_MSGSEND = YES;
				ENABLE_TESTABILITY = YES;
				GCC_C_LANGUAGE_STANDARD = gnu11;
				GCC_DYNAMIC_NO_PIC = NO;
				GCC_NO_COMMON_BLOCKS = YES;
				GCC_OPTIMIZATION_LEVEL = 0;
				GCC_PREPROCESSOR_DEFINITIONS = (
					"DEBUG=1",
					"$(inherited)",
				);
				GCC_WARN_64_TO_32_BIT_CONVERSION = YES;
				GCC_WARN_ABOUT_RETURN_TYPE = YES_ERROR;
				GCC_WARN_UNDECLARED_SELECTOR = YES;
				GCC_WARN_UNINITIALIZED_AUTOS = YES_AGGRESSIVE;
				GCC_WARN_UNUSED_FUNCTION = YES;
				GCC_WARN_UNUSED_VARIABLE = YES;
				MTL_ENABLE_DEBUG_INFO = INCLUDE_SOURCE;
				MTL_FAST_MATH = YES;
				ONLY_ACTIVE_ARCH = YES;
				SWIFT_ACTIVE_COMPILATION_CONDITIONS = DEBUG;
				SWIFT_OPTIMIZATION_LEVEL = "-Onone";
			};
			name = Debug;
		};
		50C2F3082DC998C700F4A56E /* Release */ = {
			isa = XCBuildConfiguration;
			buildSettings = {
				ALWAYS_SEARCH_USER_PATHS = NO;
				CLANG_ANALYZER_NONNULL = YES;
				CLANG_ANALYZER_NUMBER_OBJECT_CONVERSION = YES_AGGRESSIVE;
				CLANG_CXX_LANGUAGE_STANDARD = "gnu++17";
				CLANG_ENABLE_MODULES = YES;
				CLANG_ENABLE_OBJC_ARC = YES;
				CLANG_ENABLE_OBJC_WEAK = YES;
				CLANG_WARN_BLOCK_CAPTURE_AUTORELEASING = YES;
				CLANG_WARN_BOOL_CONVERSION = YES;
				CLANG_WARN_COMMA = YES;
				CLANG_WARN_CONSTANT_CONVERSION = YES;
				CLANG_WARN_DEPRECATED_OBJC_IMPLEMENTATIONS = YES;
				CLANG_WARN_DIRECT_OBJC_ISA_USAGE = YES_ERROR;
				CLANG_WARN_DOCUMENTATION_COMMENTS = YES;
				CLANG_WARN_EMPTY_BODY = YES;
				CLANG_WARN_ENUM_CONVERSION = YES;
				CLANG_WARN_INFINITE_RECURSION = YES;
				CLANG_WARN_INT_CONVERSION = YES;
				CLANG_WARN_NON_LITERAL_NULL_CONVERSION = YES;
				CLANG_WARN_OBJC_IMPLICIT_RETAIN_SELF = YES;
				CLANG_WARN_OBJC_LITERAL_CONVERSION = YES;
				CLANG_WARN_OBJC_ROOT_CLASS = YES_ERROR;
				CLANG_WARN_QUOTED_INCLUDE_IN_FRAMEWORK_HEADER = YES;
				CLANG_WARN_RANGE_LOOP_ANALYSIS = YES;
				CLANG_WARN_STRICT_PROTOTYPES = YES;
				CLANG_WARN_SUSPICIOUS_MOVE = YES;
				CLANG_WARN_UNGUARDED_AVAILABILITY = YES_AGGRESSIVE;
				CLANG_WARN_UNREACHABLE_CODE = YES;
				CLANG_WARN__DUPLICATE_METHOD_MATCH = YES;
				COPY_PHASE_STRIP = NO;
				DEBUG_INFORMATION_FORMAT = "dwarf-with-dsym";
				ENABLE_NS_ASSERTIONS = NO;
				ENABLE_STRICT_OBJC_MSGSEND = YES;
				GCC_C_LANGUAGE_STANDARD = gnu11;
				GCC_NO_COMMON_BLOCKS = YES;
				GCC_WARN_64_TO_32_BIT_CONVERSION = YES;
				GCC_WARN_ABOUT_RETURN_TYPE = YES_ERROR;
				GCC_WARN_UNDECLARED_SELECTOR = YES;
				GCC_WARN_UNINITIALIZED_AUTOS = YES_AGGRESSIVE;
				GCC_WARN_UNUSED_FUNCTION = YES;
				GCC_WARN_UNUSED_VARIABLE = YES;
				MTL_ENABLE_DEBUG_INFO = NO;
				MTL_FAST_MATH = YES;
				SWIFT_COMPILATION_MODE = wholemodule;
				SWIFT_OPTIMIZATION_LEVEL = "-O";
			};
			name = Release;
		};
		50C2F30A2DC998C700F4A56E /* Debug */ = {
			isa = XCBuildConfiguration;
			buildSettings = {
				ASSETCATALOG_COMPILER_APPICON_NAME = AppIcon;
				ASSETCATALOG_COMPILER_GLOBAL_ACCENT_COLOR_NAME = AccentColor;
				CODE_SIGN_STYLE = Automatic;
				CURRENT_PROJECT_VERSION = 1;
				ENABLE_PREVIEWS = YES;
				GENERATE_INFOPLIST_FILE = YES;
				INFOPLIST_KEY_UIApplicationSceneManifest_Generation = YES;
				INFOPLIST_KEY_UIApplicationSupportsIndirectInputEvents = YES;
				INFOPLIST_KEY_UILaunchScreen_Generation = YES;
				INFOPLIST_KEY_UISupportedInterfaceOrientations_iPad = "UIInterfaceOrientationPortrait UIInterfaceOrientationPortraitUpsideDown UIInterfaceOrientationLandscapeLeft UIInterfaceOrientationLandscapeRight";
				INFOPLIST_KEY_UISupportedInterfaceOrientations_iPhone = "UIInterfaceOrientationPortrait UIInterfaceOrientationLandscapeLeft UIInterfaceOrientationLandscapeRight";
				IPHONEOS_DEPLOYMENT_TARGET = 15.5;
				LD_RUNPATH_SEARCH_PATHS = (
					"$(inherited)",
					"@executable_path/Frameworks",
				);
				MARKETING_VERSION = 1.0;
				PRODUCT_BUNDLE_IDENTIFIER = "team-1.reflexao-app";
				PRODUCT_NAME = "reflexao app";
				SDKROOT = iphoneos;
				SWIFT_EMIT_LOC_STRINGS = YES;
				SWIFT_VERSION = 5.0;
				TARGETED_DEVICE_FAMILY = "1,2";
			};
			name = Debug;
		};
		50C2F30B2DC998C700F4A56E /* Release */ = {
			isa = XCBuildConfiguration;
			buildSettings = {
				ASSETCATALOG_COMPILER_APPICON_NAME = AppIcon;
				ASSETCATALOG_COMPILER_GLOBAL_ACCENT_COLOR_NAME = AccentColor;
				CODE_SIGN_STYLE = Automatic;
				CURRENT_PROJECT_VERSION = 1;
				ENABLE_PREVIEWS = YES;
				GENERATE_INFOPLIST_FILE = YES;
				INFOPLIST_KEY_UIApplicationSceneManifest_Generation = YES;
				INFOPLIST_KEY_UIApplicationSupportsIndirectInputEvents = YES;
				INFOPLIST_KEY_UILaunchScreen_Generation = YES;
				INFOPLIST_KEY_UISupportedInterfaceOrientations_iPad = "UIInterfaceOrientationPortrait UIInterfaceOrientationPortraitUpsideDown UIInterfaceOrientationLandscapeLeft UIInterfaceOrientationLandscapeRight";
				INFOPLIST_KEY_UISupportedInterfaceOrientations_iPhone = "UIInterfaceOrientationPortrait UIInterfaceOrientationLandscapeLeft UIInterfaceOrientationLandscapeRight";
				IPHONEOS_DEPLOYMENT_TARGET = 15.5;
				LD_RUNPATH_SEARCH_PATHS = (
					"$(inherited)",
					"@executable_path/Frameworks",
				);
				MARKETING_VERSION = 1.0;
				PRODUCT_BUNDLE_IDENTIFIER = "team-1.reflexao-app";
				PRODUCT_NAME = "reflexao app";
				SDKROOT = iphoneos;
				SWIFT_EMIT_LOC_STRINGS = YES;
				SWIFT_VERSION = 5.0;
				TARGETED_DEVICE_FAMILY = "1,2";
				VALIDATE_PRODUCT = YES;
			};
			name = Release;
		};
		50C2F30D2DC998C700F4A56E /* Debug */ = {
			isa = XCBuildConfiguration;
			buildSettings = {
				ASSETCATALOG_COMPILER_APPICON_NAME = AppIcon;
				ASSETCATALOG_COMPILER_GLOBAL_ACCENT_COLOR_NAME = AccentColor;
				CODE_SIGN_ENTITLEMENTS = macOS/macOS.entitlements;
				CODE_SIGN_STYLE = Automatic;
				COMBINE_HIDPI_IMAGES = YES;
				CURRENT_PROJECT_VERSION = 1;
				ENABLE_PREVIEWS = YES;
				GENERATE_INFOPLIST_FILE = YES;
				INFOPLIST_KEY_NSHumanReadableCopyright = "";
				LD_RUNPATH_SEARCH_PATHS = (
					"$(inherited)",
					"@executable_path/../Frameworks",
				);
				MACOSX_DEPLOYMENT_TARGET = 12.3;
				MARKETING_VERSION = 1.0;
				PRODUCT_BUNDLE_IDENTIFIER = "team-1.reflexao-app";
				PRODUCT_NAME = "reflexao app";
				SDKROOT = macosx;
				SWIFT_EMIT_LOC_STRINGS = YES;
				SWIFT_VERSION = 5.0;
			};
			name = Debug;
		};
		50C2F30E2DC998C700F4A56E /* Release */ = {
			isa = XCBuildConfiguration;
			buildSettings = {
				ASSETCATALOG_COMPILER_APPICON_NAME = AppIcon;
				ASSETCATALOG_COMPILER_GLOBAL_ACCENT_COLOR_NAME = AccentColor;
				CODE_SIGN_ENTITLEMENTS = macOS/macOS.entitlements;
				CODE_SIGN_STYLE = Automatic;
				COMBINE_HIDPI_IMAGES = YES;
				CURRENT_PROJECT_VERSION = 1;
				ENABLE_PREVIEWS = YES;
				GENERATE_INFOPLIST_FILE = YES;
				INFOPLIST_KEY_NSHumanReadableCopyright = "";
				LD_RUNPATH_SEARCH_PATHS = (
					"$(inherited)",
					"@executable_path/../Frameworks",
				);
				MACOSX_DEPLOYMENT_TARGET = 12.3;
				MARKETING_VERSION = 1.0;
				PRODUCT_BUNDLE_IDENTIFIER = "team-1.reflexao-app";
				PRODUCT_NAME = "reflexao app";
				SDKROOT = macosx;
				SWIFT_EMIT_LOC_STRINGS = YES;
				SWIFT_VERSION = 5.0;
			};
			name = Release;
		};
		50C2F3102DC998C700F4A56E /* Debug */ = {
			isa = XCBuildConfiguration;
			buildSettings = {
				ALWAYS_EMBED_SWIFT_STANDARD_LIBRARIES = YES;
				CODE_SIGN_STYLE = Automatic;
				CURRENT_PROJECT_VERSION = 1;
				GENERATE_INFOPLIST_FILE = YES;
				IPHONEOS_DEPLOYMENT_TARGET = 15.5;
				MARKETING_VERSION = 1.0;
				PRODUCT_BUNDLE_IDENTIFIER = "team-1.Tests-iOS";
				PRODUCT_NAME = "$(TARGET_NAME)";
				SDKROOT = iphoneos;
				SWIFT_EMIT_LOC_STRINGS = NO;
				SWIFT_VERSION = 5.0;
				TARGETED_DEVICE_FAMILY = "1,2";
				TEST_TARGET_NAME = "reflexao app (iOS)";
			};
			name = Debug;
		};
		50C2F3112DC998C700F4A56E /* Release */ = {
			isa = XCBuildConfiguration;
			buildSettings = {
				ALWAYS_EMBED_SWIFT_STANDARD_LIBRARIES = YES;
				CODE_SIGN_STYLE = Automatic;
				CURRENT_PROJECT_VERSION = 1;
				GENERATE_INFOPLIST_FILE = YES;
				IPHONEOS_DEPLOYMENT_TARGET = 15.5;
				MARKETING_VERSION = 1.0;
				PRODUCT_BUNDLE_IDENTIFIER = "team-1.Tests-iOS";
				PRODUCT_NAME = "$(TARGET_NAME)";
				SDKROOT = iphoneos;
				SWIFT_EMIT_LOC_STRINGS = NO;
				SWIFT_VERSION = 5.0;
				TARGETED_DEVICE_FAMILY = "1,2";
				TEST_TARGET_NAME = "reflexao app (iOS)";
				VALIDATE_PRODUCT = YES;
			};
			name = Release;
		};
		50C2F3132DC998C700F4A56E /* Debug */ = {
			isa = XCBuildConfiguration;
			buildSettings = {
				ALWAYS_EMBED_SWIFT_STANDARD_LIBRARIES = YES;
				CODE_SIGN_STYLE = Automatic;
				CURRENT_PROJECT_VERSION = 1;
				GENERATE_INFOPLIST_FILE = YES;
				MACOSX_DEPLOYMENT_TARGET = 12.3;
				MARKETING_VERSION = 1.0;
				PRODUCT_BUNDLE_IDENTIFIER = "team-1.Tests-macOS";
				PRODUCT_NAME = "$(TARGET_NAME)";
				SDKROOT = macosx;
				SWIFT_EMIT_LOC_STRINGS = NO;
				SWIFT_VERSION = 5.0;
				TEST_TARGET_NAME = "reflexao app (macOS)";
			};
			name = Debug;
		};
		50C2F3142DC998C700F4A56E /* Release */ = {
			isa = XCBuildConfiguration;
			buildSettings = {
				ALWAYS_EMBED_SWIFT_STANDARD_LIBRARIES = YES;
				CODE_SIGN_STYLE = Automatic;
				CURRENT_PROJECT_VERSION = 1;
				GENERATE_INFOPLIST_FILE = YES;
				MACOSX_DEPLOYMENT_TARGET = 12.3;
				MARKETING_VERSION = 1.0;
				PRODUCT_BUNDLE_IDENTIFIER = "team-1.Tests-macOS";
				PRODUCT_NAME = "$(TARGET_NAME)";
				SDKROOT = macosx;
				SWIFT_EMIT_LOC_STRINGS = NO;
				SWIFT_VERSION = 5.0;
				TEST_TARGET_NAME = "reflexao app (macOS)";
			};
			name = Release;
		};
/* End XCBuildConfiguration section */

/* Begin XCConfigurationList section */
		50C2F2D72DC998C200F4A56E /* Build configuration list for PBXProject "reflexao app" */ = {
			isa = XCConfigurationList;
			buildConfigurations = (
				50C2F3072DC998C700F4A56E /* Debug */,
				50C2F3082DC998C700F4A56E /* Release */,
			);
			defaultConfigurationIsVisible = 0;
			defaultConfigurationName = Release;
		};
		50C2F3092DC998C700F4A56E /* Build configuration list for PBXNativeTarget "reflexao app (iOS)" */ = {
			isa = XCConfigurationList;
			buildConfigurations = (
				50C2F30A2DC998C700F4A56E /* Debug */,
				50C2F30B2DC998C700F4A56E /* Release */,
			);
			defaultConfigurationIsVisible = 0;
			defaultConfigurationName = Release;
		};
		50C2F30C2DC998C700F4A56E /* Build configuration list for PBXNativeTarget "reflexao app (macOS)" */ = {
			isa = XCConfigurationList;
			buildConfigurations = (
				50C2F30D2DC998C700F4A56E /* Debug */,
				50C2F30E2DC998C700F4A56E /* Release */,
			);
			defaultConfigurationIsVisible = 0;
			defaultConfigurationName = Release;
		};
		50C2F30F2DC998C700F4A56E /* Build configuration list for PBXNativeTarget "Tests iOS" */ = {
			isa = XCConfigurationList;
			buildConfigurations = (
				50C2F3102DC998C700F4A56E /* Debug */,
				50C2F3112DC998C700F4A56E /* Release */,
			);
			defaultConfigurationIsVisible = 0;
			defaultConfigurationName = Release;
		};
		50C2F3122DC998C700F4A56E /* Build configuration list for PBXNativeTarget "Tests macOS" */ = {
			isa = XCConfigurationList;
			buildConfigurations = (
				50C2F3132DC998C700F4A56E /* Debug */,
				50C2F3142DC998C700F4A56E /* Release */,
			);
			defaultConfigurationIsVisible = 0;
			defaultConfigurationName = Release;
		};
/* End XCConfigurationList section */
	};
	rootObject = 50C2F2D42DC998C200F4A56E /* Project object */;
}
